github.com/Battle-Bunker/cyphid-snake v1.0.1 h1:mkaGUfIOSJzMmBa3bONxpA4+RpMK/028WgfYzRy5fHY=
github.com/Battle-Bunker/cyphid-snake v1.0.1/go.mod h1:0hJQTr3CYZnTmvpMKKWWa5S7EJS+FMews2efo6Lq4oA=
github.com/Battle-Bunker/cyphid-snake v1.0.2 h1:TMLThQgQOrsr3wDhuQEWwdxV3+2s8z5CFN75DRgPoHM=
github.com/Battle-Bunker/cyphid-snake v1.0.2/go.mod h1:0hJQTr3CYZnTmvpMKKWWa5S7EJS+FMews2efo6Lq4oA=
github.com/Battle-Bunker/cyphid-snake v1.0.3 h1:nq+PZC6DMB+9SDnJgdTJw6vr4tCYKr8Rp84qKu0XMMw=
github.com/Battle-Bunker/cyphid-snake v1.0.3/go.mod h1:0hJQTr3CYZnTmvpMKKWWa5S7EJS+FMews2efo6Lq4oA=
github.com/BattlesnakeOfficial/rules v1.2.3 h1:loESL0qdvO31WbBIhd3VCsLrmfeqqx4F715UejagLrk=
github.com/BattlesnakeOfficial/rules v1.2.3/go.mod h1:/q/fRd/c3bZm78r/12LV4zavN1MwKg6xtkYzpgOprtg=
github.com/davecgh/go-spew v1.1.1 h1:vj9j/u1bqnvCEfJOwUhtlOARqs3+rkHYY13jYWTU97c=
github.com/pmezard/go-difflib v1.0.0 h1:4DBwDE0NGyQoBHbLQYPwSUPoCMWR5BEzIk/f1lZbAQM=
github.com/samber/lo v1.46.0 h1:w8G+oaCPgz1PoCJztqymCFaKwXt+5cCXn51uPxExFfQ=
github.com/samber/lo v1.46.0/go.mod h1:RmDH9Ct32Qy3gduHQuKJ3gW1fMHAnE/fAzQuf6He5cU=
github.com/stretchr/testify v1.4.0 h1:2E4SXV/wtOkTonXsotYi4li6zVWxYlZuYNCXe9XRJyk=
golang.org/x/text v0.16.0 h1:a94ExnEXNtEwYLGJSIUxnWoxoRz/ZcCsV63ROupILh4=
golang.org/x/text v0.16.0/go.mod h1:GhwF1Be+LQoKShO3cGOHzqOgRrGaYc9AvblQOmPVHnI=
golang.org/x/text v0.17.0 h1:XtiM5bkSOt+ewxlOE/aE/AKEHibwj/6gvWMl9Rsh0Qc=
golang.org/x/text v0.17.0/go.mod h1:BuEKDfySbSR4drPmRPG/7iBdf8hvFMuRexcpahXilzY=
gopkg.in/yaml.v2 v2.2.8 h1:obN1ZagJSUGI0Ek/LBmuj4SNLPfIny3KsKFopxRdj10=
